<?xml version="1.0" encoding="utf-8"?>
<Project ToolsVersion="4.0" xmlns="http://schemas.microsoft.com/developer/msbuild/2003">
  <ItemGroup>
    <Filter Include="Source Files">
      <UniqueIdentifier>{4FC737F1-C7A5-4376-A066-2A32D752A2FF}</UniqueIdentifier>
      <Extensions>cpp;c;cc;cxx;def;odl;idl;hpj;bat;asm;asmx</Extensions>
    </Filter>
    <Filter Include="Header Files">
      <UniqueIdentifier>{93995380-89BD-4b04-88EB-625FBE52EBFB}</UniqueIdentifier>
      <Extensions>h;hpp;hxx;hm;inl;inc;xsd</Extensions>
    </Filter>
    <Filter Include="Resource Files">
      <UniqueIdentifier>{67DA6AB6-F800-4c08-8B7A-83BB121AAD01}</UniqueIdentifier>
      <Extensions>rc;ico;cur;bmp;dlg;rc2;rct;bin;rgs;gif;jpg;jpeg;jpe;resx;tiff;tif;png;wav</Extensions>
    </Filter>
  </ItemGroup>
  <ItemGroup>
    <ClCompile Include="src\defaultconfig\MainLogging.cpp">
      <Filter>Source Files</Filter>
    </ClCompile>
    <ClCompile Include="src\defaultconfig\default\PFWBroker.cpp">
      <Filter>Source Files</Filter>
    </ClCompile>
    <ClCompile Include="src\defaultconfig\default\PFWFileBroker.cpp">
      <Filter>Source Files</Filter>
    </ClCompile>
    <ClCompile Include="src\defaultconfig\default\PFWXmlBroker.cpp">
      <Filter>Source Files</Filter>
    </ClCompile>
    <ClCompile Include="src\defaultconfig\default\TestEquipmentBroker.cpp">
      <Filter>Source Files</Filter>
    </ClCompile>
    <ClCompile Include="src\DefaultConfig\Default\ICache.cpp">
      <Filter>Source Files</Filter>
    </ClCompile>
    <ClCompile Include="src\DefaultConfig\Default\DataPacket.cpp">
      <Filter>Source Files</Filter>
    </ClCompile>
    <ClCompile Include="src\DefaultConfig\Default\CCSDS_struct.cpp">
      <Filter>Source Files</Filter>
    </ClCompile>
    <ClCompile Include="src\DefaultConfig\Default\Time.cpp">
      <Filter>Source Files</Filter>
    </ClCompile>
  </ItemGroup>
  <ItemGroup>
    <ClInclude Include="src\defaultconfig\MainLogging.h">
      <Filter>Header Files</Filter>
    </ClInclude>
    <ClInclude Include="src\defaultconfig\default\PFWBroker.h">
      <Filter>Header Files</Filter>
    </ClInclude>
    <ClInclude Include="src\defaultconfig\default\PFWFileBroker.h">
      <Filter>Header Files</Filter>
    </ClInclude>
    <ClInclude Include="src\defaultconfig\default\PFWXmlBroker.h">
      <Filter>Header Files</Filter>
    </ClInclude>
    <ClInclude Include="src\defaultconfig\default\TestEquipmentBroker.h">
      <Filter>Header Files</Filter>
    </ClInclude>
    <ClInclude Include="src\defaultconfig\default\VirtualProxy.h">
      <Filter>Header Files</Filter>
    </ClInclude>
    <ClInclude Include="src\DefaultConfig\Default\Singleton.h">
      <Filter>Header Files</Filter>
    </ClInclude>
    <ClInclude Include="src\DefaultConfig\Default\Cache.h">
      <Filter>Header Files</Filter>
    </ClInclude>
    <ClInclude Include="src\DefaultConfig\Default\ICache.h">
      <Filter>Header Files</Filter>
    </ClInclude>
    <ClInclude Include="src\DefaultConfig\Default\DataPacket.h">
      <Filter>Header Files</Filter>
    </ClInclude>
    <ClInclude Include="src\DefaultConfig\Default\CCSDS_struct.h">
      <Filter>Header Files</Filter>
    </ClInclude>
    <ClInclude Include="src\DefaultConfig\Default\Time.h">
      <Filter>Header Files</Filter>
    </ClInclude>
    <ClInclude Include="src\DefaultConfig\Default\ObjectIdentification.h">
      <Filter>Header Files</Filter>
    </ClInclude>
  </ItemGroup>
  <ItemGroup>
    <None Include="src\defaultconfig\UpgradeLog.htm" />
    <None Include="src\defaultconfig\UpgradeLog2.htm" />
  </ItemGroup>
</Project>